
Microsoft Visual Studio Solution File, Format Version 12.00
# Visual Studio 15
Project("{FAE04EC0-301F-11D3-BF4B-00C04F79EFBC}") = "FoodDeliveryUI.Android", "FoodDeliveryUI.Android\FoodDeliveryUI.Android.csproj", "{BFF8E0EF-C470-4C62-83EB-B2E72C3CEE58}"
EndProject
Project("{FAE04EC0-301F-11D3-BF4B-00C04F79EFBC}") = "FoodDeliveryUI.iOS", "FoodDeliveryUI.iOS\FoodDeliveryUI.iOS.csproj", "{CBBDFEA5-7D66-4E98-B140-1083CD9EED1F}"
EndProject
Project("{FAE04EC0-301F-11D3-BF4B-00C04F79EFBC}") = "FoodDeliveryUI", "FoodDeliveryUI\FoodDeliveryUI.csproj", "{E95D6D29-6DA7-47ED-ADA9-BD94F0ADE955}"
EndProject
Global
	GlobalSection(SolutionConfigurationPlatforms) = preSolution
		Debug|Any CPU = Debug|Any CPU
		Release|Any CPU = Release|Any CPU
		Debug|iPhoneSimulator = Debug|iPhoneSimulator
		Release|iPhoneSimulator = Release|iPhoneSimulator
		Debug|iPhone = Debug|iPhone
		Release|iPhone = Release|iPhone
	EndGlobalSection
	GlobalSection(ProjectConfigurationPlatforms) = postSolution
		{BFF8E0EF-C470-4C62-83EB-B2E72C3CEE58}.Debug|Any CPU.ActiveCfg = Debug|Any CPU
		{BFF8E0EF-C470-4C62-83EB-B2E72C3CEE58}.Debug|Any CPU.Build.0 = Debug|Any CPU
		{BFF8E0EF-C470-4C62-83EB-B2E72C3CEE58}.Release|Any CPU.ActiveCfg = Release|Any CPU
		{BFF8E0EF-C470-4C62-83EB-B2E72C3CEE58}.Release|Any CPU.Build.0 = Release|Any CPU
		{BFF8E0EF-C470-4C62-83EB-B2E72C3CEE58}.Debug|iPhoneSimulator.ActiveCfg = Debug|Any CPU
		{BFF8E0EF-C470-4C62-83EB-B2E72C3CEE58}.Debug|iPhoneSimulator.Build.0 = Debug|Any CPU
		{BFF8E0EF-C470-4C62-83EB-B2E72C3CEE58}.Release|iPhoneSimulator.ActiveCfg = Release|Any CPU
		{BFF8E0EF-C470-4C62-83EB-B2E72C3CEE58}.Release|iPhoneSimulator.Build.0 = Release|Any CPU
		{BFF8E0EF-C470-4C62-83EB-B2E72C3CEE58}.Debug|iPhone.ActiveCfg = Debug|Any CPU
		{BFF8E0EF-C470-4C62-83EB-B2E72C3CEE58}.Debug|iPhone.Build.0 = Debug|Any CPU
		{BFF8E0EF-C470-4C62-83EB-B2E72C3CEE58}.Release|iPhone.ActiveCfg = Release|Any CPU
		{BFF8E0EF-C470-4C62-83EB-B2E72C3CEE58}.Release|iPhone.Build.0 = Release|Any CPU
		{CBBDFEA5-7D66-4E98-B140-1083CD9EED1F}.Debug|Any CPU.ActiveCfg = Debug|iPhoneSimulator
		{CBBDFEA5-7D66-4E98-B140-1083CD9EED1F}.Debug|Any CPU.Build.0 = Debug|iPhoneSimulator
		{CBBDFEA5-7D66-4E98-B140-1083CD9EED1F}.Release|Any CPU.ActiveCfg = Release|iPhoneSimulator
		{CBBDFEA5-7D66-4E98-B140-1083CD9EED1F}.Release|Any CPU.Build.0 = Release|iPhoneSimulator
		{CBBDFEA5-7D66-4E98-B140-1083CD9EED1F}.Debug|iPhoneSimulator.ActiveCfg = Debug|iPhoneSimulator
		{CBBDFEA5-7D66-4E98-B140-1083CD9EED1F}.Debug|iPhoneSimulator.Build.0 = Debug|iPhoneSimulator
		{CBBDFEA5-7D66-4E98-B140-1083CD9EED1F}.Release|iPhoneSimulator.ActiveCfg = Release|iPhoneSimulator
		{CBBDFEA5-7D66-4E98-B140-1083CD9EED1F}.Release|iPhoneSimulator.Build.0 = Release|iPhoneSimulator
		{CBBDFEA5-7D66-4E98-B140-1083CD9EED1F}.Debug|iPhone.ActiveCfg = Debug|iPhone
		{CBBDFEA5-7D66-4E98-B140-1083CD9EED1F}.Debug|iPhone.Build.0 = Debug|iPhone
		{CBBDFEA5-7D66-4E98-B140-1083CD9EED1F}.Release|iPhone.ActiveCfg = Release|iPhone
		{CBBDFEA5-7D66-4E98-B140-1083CD9EED1F}.Release|iPhone.Build.0 = Release|iPhone
		{E95D6D29-6DA7-47ED-ADA9-BD94F0ADE955}.Debug|Any CPU.ActiveCfg = Debug|Any CPU
		{E95D6D29-6DA7-47ED-ADA9-BD94F0ADE955}.Debug|Any CPU.Build.0 = Debug|Any CPU
		{E95D6D29-6DA7-47ED-ADA9-BD94F0ADE955}.Release|Any CPU.ActiveCfg = Release|Any CPU
		{E95D6D29-6DA7-47ED-ADA9-BD94F0ADE955}.Release|Any CPU.Build.0 = Release|Any CPU
		{E95D6D29-6DA7-47ED-ADA9-BD94F0ADE955}.Debug|iPhoneSimulator.ActiveCfg = Debug|Any CPU
		{E95D6D29-6DA7-47ED-ADA9-BD94F0ADE955}.Debug|iPhoneSimulator.Build.0 = Debug|Any CPU
		{E95D6D29-6DA7-47ED-ADA9-BD94F0ADE955}.Release|iPhoneSimulator.ActiveCfg = Release|Any CPU
		{E95D6D29-6DA7-47ED-ADA9-BD94F0ADE955}.Release|iPhoneSimulator.Build.0 = Release|Any CPU
		{E95D6D29-6DA7-47ED-ADA9-BD94F0ADE955}.Debug|iPhone.ActiveCfg = Debug|Any CPU
		{E95D6D29-6DA7-47ED-ADA9-BD94F0ADE955}.Debug|iPhone.Build.0 = Debug|Any CPU
		{E95D6D29-6DA7-47ED-ADA9-BD94F0ADE955}.Release|iPhone.ActiveCfg = Release|Any CPU
		{E95D6D29-6DA7-47ED-ADA9-BD94F0ADE955}.Release|iPhone.Build.0 = Release|Any CPU
	EndGlobalSection
EndGlobal
